{
    "name": "crypto-investment-site",
    "lockfileVersion": 2,
    "requires": true,
    "packages": {
        "": {
            "dependencies": {
                "dotenv": "^16.0.3",
                "referral-codes": "^2.0.3"
            }
        },
        "node_modules/dotenv": {
            "version": "16.0.3",
            "resolved": "https://registry.npmjs.org/dotenv/-/dotenv-16.0.3.tgz",
            "integrity": "sha512-7GO6HghkA5fYG9TYnNxi14/7K9f5occMlp3zXAuSxn7CKCxt9xbNWG7yF8hTCSUchlfWSe3uLmlPfigevRItzQ==",
            "engines": {
                "node": ">=12"
            }
        },
        "node_modules/referral-codes": {
            "version": "2.0.3",
            "resolved": "https://registry.npmjs.org/referral-codes/-/referral-codes-2.0.3.tgz",
            "integrity": "sha512-e66vOVnq7as2YH4fwaakd946VegbPCkivxkTKzcFn6q8tqgDeH03xY3gorIBPVzAWc3pqS+1cQGXDHuvE0t2aQ=="
        }
    },
    "dependencies": {
        "dotenv": {
            "version": "16.0.3",
            "resolved": "https://registry.npmjs.org/dotenv/-/dotenv-16.0.3.tgz",
            "integrity": "sha512-7GO6HghkA5fYG9TYnNxi14/7K9f5occMlp3zXAuSxn7CKCxt9xbNWG7yF8hTCSUchlfWSe3uLmlPfigevRItzQ=="
        },
        "referral-codes": {
            "version": "2.0.3",
            "resolved": "https://registry.npmjs.org/referral-codes/-/referral-codes-2.0.3.tgz",
            "integrity": "sha512-e66vOVnq7as2YH4fwaakd946VegbPCkivxkTKzcFn6q8tqgDeH03xY3gorIBPVzAWc3pqS+1cQGXDHuvE0t2aQ=="
        }
    }
}
